
Microsoft Visual Studio Solution File, Format Version 12.00
Project("{FAE04EC0-301F-11D3-BF4B-00C04F79EFBC}") = "CloudStorage.Api", "CloudStorage.Api\CloudStorage.Api.csproj", "{FDF95D9D-FD53-49EB-9157-CBD7A967F227}"
EndProject
Project("{FAE04EC0-301F-11D3-BF4B-00C04F79EFBC}") = "CloudStorage.BLL", "CloudStorage.BLL\CloudStorage.BLL.csproj", "{36E38675-B645-4705-802A-B2AE81E6F598}"
EndProject
Project("{FAE04EC0-301F-11D3-BF4B-00C04F79EFBC}") = "CloudStorage.DAL", "CloudStorage.DAL\CloudStorage.DAL.csproj", "{54D457EC-4C57-4535-A571-4DE6F9425C35}"
EndProject
Project("{FAE04EC0-301F-11D3-BF4B-00C04F79EFBC}") = "CloudStorage.Common", "CloudStorage.Common\CloudStorage.Common.csproj", "{751457DA-44EE-49C5-A02D-D6F6415692BD}"
EndProject
Global
	GlobalSection(SolutionConfigurationPlatforms) = preSolution
		Debug|Any CPU = Debug|Any CPU
		Release|Any CPU = Release|Any CPU
	EndGlobalSection
	GlobalSection(ProjectConfigurationPlatforms) = postSolution
		{FDF95D9D-FD53-49EB-9157-CBD7A967F227}.Debug|Any CPU.ActiveCfg = Debug|Any CPU
		{FDF95D9D-FD53-49EB-9157-CBD7A967F227}.Debug|Any CPU.Build.0 = Debug|Any CPU
		{FDF95D9D-FD53-49EB-9157-CBD7A967F227}.Release|Any CPU.ActiveCfg = Release|Any CPU
		{FDF95D9D-FD53-49EB-9157-CBD7A967F227}.Release|Any CPU.Build.0 = Release|Any CPU
		{36E38675-B645-4705-802A-B2AE81E6F598}.Debug|Any CPU.ActiveCfg = Debug|Any CPU
		{36E38675-B645-4705-802A-B2AE81E6F598}.Debug|Any CPU.Build.0 = Debug|Any CPU
		{36E38675-B645-4705-802A-B2AE81E6F598}.Release|Any CPU.ActiveCfg = Release|Any CPU
		{36E38675-B645-4705-802A-B2AE81E6F598}.Release|Any CPU.Build.0 = Release|Any CPU
		{54D457EC-4C57-4535-A571-4DE6F9425C35}.Debug|Any CPU.ActiveCfg = Debug|Any CPU
		{54D457EC-4C57-4535-A571-4DE6F9425C35}.Debug|Any CPU.Build.0 = Debug|Any CPU
		{54D457EC-4C57-4535-A571-4DE6F9425C35}.Release|Any CPU.ActiveCfg = Release|Any CPU
		{54D457EC-4C57-4535-A571-4DE6F9425C35}.Release|Any CPU.Build.0 = Release|Any CPU
		{751457DA-44EE-49C5-A02D-D6F6415692BD}.Debug|Any CPU.ActiveCfg = Debug|Any CPU
		{751457DA-44EE-49C5-A02D-D6F6415692BD}.Debug|Any CPU.Build.0 = Debug|Any CPU
		{751457DA-44EE-49C5-A02D-D6F6415692BD}.Release|Any CPU.ActiveCfg = Release|Any CPU
		{751457DA-44EE-49C5-A02D-D6F6415692BD}.Release|Any CPU.Build.0 = Release|Any CPU
	EndGlobalSection
EndGlobal
